
Microsoft Visual Studio Solution File, Format Version 12.00
# Visual Studio Version 17
VisualStudioVersion = 17.0.31903.59
MinimumVisualStudioVersion = 10.0.40219.1
Project("{FAE04EC0-301F-11D3-BF4B-00C04F79EFBC}") = "Tsk0", "Tsk0\Tsk0.csproj", "{67082A47-5E27-4AE3-9B7D-A82AAD417C4E}"
EndProject
Project("{FAE04EC0-301F-11D3-BF4B-00C04F79EFBC}") = "Tsk1", "Tsk1\Tsk1.csproj", "{2EA77CCD-DD30-483A-9618-3C37C0556920}"
EndProject
Global
	GlobalSection(SolutionConfigurationPlatforms) = preSolution
		Debug|Any CPU = Debug|Any CPU
		Debug|x64 = Debug|x64
		Debug|x86 = Debug|x86
		Release|Any CPU = Release|Any CPU
		Release|x64 = Release|x64
		Release|x86 = Release|x86
	EndGlobalSection
	GlobalSection(ProjectConfigurationPlatforms) = postSolution
		{67082A47-5E27-4AE3-9B7D-A82AAD417C4E}.Debug|Any CPU.ActiveCfg = Debug|Any CPU
		{67082A47-5E27-4AE3-9B7D-A82AAD417C4E}.Debug|Any CPU.Build.0 = Debug|Any CPU
		{67082A47-5E27-4AE3-9B7D-A82AAD417C4E}.Debug|x64.ActiveCfg = Debug|Any CPU
		{67082A47-5E27-4AE3-9B7D-A82AAD417C4E}.Debug|x64.Build.0 = Debug|Any CPU
		{67082A47-5E27-4AE3-9B7D-A82AAD417C4E}.Debug|x86.ActiveCfg = Debug|Any CPU
		{67082A47-5E27-4AE3-9B7D-A82AAD417C4E}.Debug|x86.Build.0 = Debug|Any CPU
		{67082A47-5E27-4AE3-9B7D-A82AAD417C4E}.Release|Any CPU.ActiveCfg = Release|Any CPU
		{67082A47-5E27-4AE3-9B7D-A82AAD417C4E}.Release|Any CPU.Build.0 = Release|Any CPU
		{67082A47-5E27-4AE3-9B7D-A82AAD417C4E}.Release|x64.ActiveCfg = Release|Any CPU
		{67082A47-5E27-4AE3-9B7D-A82AAD417C4E}.Release|x64.Build.0 = Release|Any CPU
		{67082A47-5E27-4AE3-9B7D-A82AAD417C4E}.Release|x86.ActiveCfg = Release|Any CPU
		{67082A47-5E27-4AE3-9B7D-A82AAD417C4E}.Release|x86.Build.0 = Release|Any CPU
		{2EA77CCD-DD30-483A-9618-3C37C0556920}.Debug|Any CPU.ActiveCfg = Debug|Any CPU
		{2EA77CCD-DD30-483A-9618-3C37C0556920}.Debug|Any CPU.Build.0 = Debug|Any CPU
		{2EA77CCD-DD30-483A-9618-3C37C0556920}.Debug|x64.ActiveCfg = Debug|Any CPU
		{2EA77CCD-DD30-483A-9618-3C37C0556920}.Debug|x64.Build.0 = Debug|Any CPU
		{2EA77CCD-DD30-483A-9618-3C37C0556920}.Debug|x86.ActiveCfg = Debug|Any CPU
		{2EA77CCD-DD30-483A-9618-3C37C0556920}.Debug|x86.Build.0 = Debug|Any CPU
		{2EA77CCD-DD30-483A-9618-3C37C0556920}.Release|Any CPU.ActiveCfg = Release|Any CPU
		{2EA77CCD-DD30-483A-9618-3C37C0556920}.Release|Any CPU.Build.0 = Release|Any CPU
		{2EA77CCD-DD30-483A-9618-3C37C0556920}.Release|x64.ActiveCfg = Release|Any CPU
		{2EA77CCD-DD30-483A-9618-3C37C0556920}.Release|x64.Build.0 = Release|Any CPU
		{2EA77CCD-DD30-483A-9618-3C37C0556920}.Release|x86.ActiveCfg = Release|Any CPU
		{2EA77CCD-DD30-483A-9618-3C37C0556920}.Release|x86.Build.0 = Release|Any CPU
	EndGlobalSection
	GlobalSection(SolutionProperties) = preSolution
		HideSolutionNode = FALSE
	EndGlobalSection
EndGlobal
